
Microsoft Visual Studio Solution File, Format Version 12.00
# Visual Studio Version 16
VisualStudioVersion = 16.0.31729.503
MinimumVisualStudioVersion = 10.0.40219.1
Project("{FAE04EC0-301F-11D3-BF4B-00C04F79EFBC}") = "Linkedlist_Example_1", "Linkedlist_Example_1\Linkedlist_Example_1.csproj", "{4C1B0962-DA40-4C56-999A-5E6A8F715424}"
EndProject
Global
	GlobalSection(SolutionConfigurationPlatforms) = preSolution
		Debug|Any CPU = Debug|Any CPU
		Release|Any CPU = Release|Any CPU
	EndGlobalSection
	GlobalSection(ProjectConfigurationPlatforms) = postSolution
		{4C1B0962-DA40-4C56-999A-5E6A8F715424}.Debug|Any CPU.ActiveCfg = Debug|Any CPU
		{4C1B0962-DA40-4C56-999A-5E6A8F715424}.Debug|Any CPU.Build.0 = Debug|Any CPU
		{4C1B0962-DA40-4C56-999A-5E6A8F715424}.Release|Any CPU.ActiveCfg = Release|Any CPU
		{4C1B0962-DA40-4C56-999A-5E6A8F715424}.Release|Any CPU.Build.0 = Release|Any CPU
	EndGlobalSection
	GlobalSection(SolutionProperties) = preSolution
		HideSolutionNode = FALSE
	EndGlobalSection
	GlobalSection(ExtensibilityGlobals) = postSolution
		SolutionGuid = {26927DCE-E8F2-4D71-9C05-3E182182B53B}
	EndGlobalSection
EndGlobal
